
Microsoft Visual Studio Solution File, Format Version 12.00
# Visual Studio Version 17
VisualStudioVersion = 17.14.36908.2 d17.14
MinimumVisualStudioVersion = 10.0.40219.1
Project("{FAE04EC0-301F-11D3-BF4B-00C04F79EFBC}") = "TicketSnap.Domain", "TicketSnap.Domain\TicketSnap.Domain.csproj", "{D128029A-0D41-4A70-AE0E-30C2CC2EC3F3}"
EndProject
Project("{FAE04EC0-301F-11D3-BF4B-00C04F79EFBC}") = "TicketSnap.Application", "TicketSnap.Application\TicketSnap.Application.csproj", "{CA2AA209-E9B1-4065-B555-254049A1E1E7}"
EndProject
Project("{FAE04EC0-301F-11D3-BF4B-00C04F79EFBC}") = "TicketSnap.Infraestructure", "TicketSnap.Infraestructure\TicketSnap.Infraestructure.csproj", "{3A31DC97-7B75-4A14-AD03-FC6166F71F91}"
EndProject
Project("{FAE04EC0-301F-11D3-BF4B-00C04F79EFBC}") = "TicketSnap.Api", "TicketSnap.Api\TicketSnap.Api.csproj", "{CA1E8025-A8A6-4131-A54A-81DDC3F55D7C}"
EndProject
Project("{FAE04EC0-301F-11D3-BF4B-00C04F79EFBC}") = "TicketSnap.UnitTest", "TicketSnap.UnitTest\TicketSnap.UnitTest.csproj", "{575D3683-987D-4A03-A3DD-AA738BFFD58E}"
EndProject
Global
	GlobalSection(SolutionConfigurationPlatforms) = preSolution
		Debug|Any CPU = Debug|Any CPU
		Release|Any CPU = Release|Any CPU
	EndGlobalSection
	GlobalSection(ProjectConfigurationPlatforms) = postSolution
		{D128029A-0D41-4A70-AE0E-30C2CC2EC3F3}.Debug|Any CPU.ActiveCfg = Debug|Any CPU
		{D128029A-0D41-4A70-AE0E-30C2CC2EC3F3}.Debug|Any CPU.Build.0 = Debug|Any CPU
		{D128029A-0D41-4A70-AE0E-30C2CC2EC3F3}.Release|Any CPU.ActiveCfg = Release|Any CPU
		{D128029A-0D41-4A70-AE0E-30C2CC2EC3F3}.Release|Any CPU.Build.0 = Release|Any CPU
		{CA2AA209-E9B1-4065-B555-254049A1E1E7}.Debug|Any CPU.ActiveCfg = Debug|Any CPU
		{CA2AA209-E9B1-4065-B555-254049A1E1E7}.Debug|Any CPU.Build.0 = Debug|Any CPU
		{CA2AA209-E9B1-4065-B555-254049A1E1E7}.Release|Any CPU.ActiveCfg = Release|Any CPU
		{CA2AA209-E9B1-4065-B555-254049A1E1E7}.Release|Any CPU.Build.0 = Release|Any CPU
		{3A31DC97-7B75-4A14-AD03-FC6166F71F91}.Debug|Any CPU.ActiveCfg = Debug|Any CPU
		{3A31DC97-7B75-4A14-AD03-FC6166F71F91}.Debug|Any CPU.Build.0 = Debug|Any CPU
		{3A31DC97-7B75-4A14-AD03-FC6166F71F91}.Release|Any CPU.ActiveCfg = Release|Any CPU
		{3A31DC97-7B75-4A14-AD03-FC6166F71F91}.Release|Any CPU.Build.0 = Release|Any CPU
		{CA1E8025-A8A6-4131-A54A-81DDC3F55D7C}.Debug|Any CPU.ActiveCfg = Debug|Any CPU
		{CA1E8025-A8A6-4131-A54A-81DDC3F55D7C}.Debug|Any CPU.Build.0 = Debug|Any CPU
		{CA1E8025-A8A6-4131-A54A-81DDC3F55D7C}.Release|Any CPU.ActiveCfg = Release|Any CPU
		{CA1E8025-A8A6-4131-A54A-81DDC3F55D7C}.Release|Any CPU.Build.0 = Release|Any CPU
		{575D3683-987D-4A03-A3DD-AA738BFFD58E}.Debug|Any CPU.ActiveCfg = Debug|Any CPU
		{575D3683-987D-4A03-A3DD-AA738BFFD58E}.Debug|Any CPU.Build.0 = Debug|Any CPU
		{575D3683-987D-4A03-A3DD-AA738BFFD58E}.Release|Any CPU.ActiveCfg = Release|Any CPU
		{575D3683-987D-4A03-A3DD-AA738BFFD58E}.Release|Any CPU.Build.0 = Release|Any CPU
	EndGlobalSection
	GlobalSection(SolutionProperties) = preSolution
		HideSolutionNode = FALSE
	EndGlobalSection
	GlobalSection(ExtensibilityGlobals) = postSolution
		SolutionGuid = {24DF5CDA-99BB-46F8-AAF7-F0A298366210}
	EndGlobalSection
EndGlobal
